
Microsoft Visual Studio Solution File, Format Version 12.00
# Visual Studio Version 17
VisualStudioVersion = 17.4.33122.133
MinimumVisualStudioVersion = 10.0.40219.1
Project("{2150E333-8FDC-42A3-9474-1A3956D46DE8}") = "src", "src", "{CF2E3DD3-198C-42FC-A8C2-28F33BFC888B}"
EndProject
Project("{2150E333-8FDC-42A3-9474-1A3956D46DE8}") = "Building Blocks", "Building Blocks", "{B475B631-7F89-4698-A948-1E024F0B90B7}"
EndProject
Project("{2150E333-8FDC-42A3-9474-1A3956D46DE8}") = "Web", "Web", "{9C376CD7-0645-4EB9-AD3A-29F7895FF4BD}"
EndProject
Project("{2150E333-8FDC-42A3-9474-1A3956D46DE8}") = "Services", "Services", "{31A033BD-DEAE-4194-92F8-32B10287428D}"
EndProject
Project("{2150E333-8FDC-42A3-9474-1A3956D46DE8}") = "Identidade", "Identidade", "{6248964D-7288-4ABA-9B82-3840D63E1CEA}"
EndProject
Project("{FAE04EC0-301F-11D3-BF4B-00C04F79EFBC}") = "SE.Identidade.API", "src\services\SE.Identidade.API\SE.Identidade.API.csproj", "{C6270568-7BA6-4C6E-966E-3EF288397E8E}"
EndProject
Project("{2150E333-8FDC-42A3-9474-1A3956D46DE8}") = "MVC", "MVC", "{6EBE808F-705F-46CD-B649-A55B70E739D0}"
EndProject
Project("{FAE04EC0-301F-11D3-BF4B-00C04F79EFBC}") = "SE.WebApp.MVC", "src\web\SE.WebApp.MVC\SE.WebApp.MVC.csproj", "{4D8BA8CA-F1C0-4E4F-B188-F6375DDCDF1C}"
EndProject
Project("{2150E333-8FDC-42A3-9474-1A3956D46DE8}") = "Core", "Core", "{BD29E806-159E-47B9-BDC3-1FF23D9C61CC}"
EndProject
Project("{FAE04EC0-301F-11D3-BF4B-00C04F79EFBC}") = "SE.Core", "src\building blocks\SE.Core\SE.Core.csproj", "{8691B657-7D51-436D-B325-976CE54D8F12}"
EndProject
Project("{2150E333-8FDC-42A3-9474-1A3956D46DE8}") = "Carrinho", "Carrinho", "{F96DF35B-94A2-4F24-B9EC-02BFF89E292A}"
EndProject
Project("{2150E333-8FDC-42A3-9474-1A3956D46DE8}") = "Catalogo", "Catalogo", "{1D82E9E8-3863-407A-9A7F-42764F2AC472}"
EndProject
Project("{2150E333-8FDC-42A3-9474-1A3956D46DE8}") = "Cliente", "Cliente", "{08F7628C-64C9-4103-8642-FCD526167D72}"
EndProject
Project("{2150E333-8FDC-42A3-9474-1A3956D46DE8}") = "Pagamento", "Pagamento", "{CDD08CE6-544C-4B72-8887-51FD595A52CC}"
EndProject
Project("{2150E333-8FDC-42A3-9474-1A3956D46DE8}") = "Pedido", "Pedido", "{CF7A95D6-ED72-4E33-ADC6-5D87F73447F0}"
EndProject
Project("{FAE04EC0-301F-11D3-BF4B-00C04F79EFBC}") = "SE.Carrinho.API", "src\services\SE.Carrinho.API\SE.Carrinho.API.csproj", "{757BCD1D-AD3F-4796-B8DA-2A246A656528}"
EndProject
Project("{FAE04EC0-301F-11D3-BF4B-00C04F79EFBC}") = "SE.Catalogo.API", "src\services\SE.Catalogo.API\SE.Catalogo.API.csproj", "{ACAFF7D4-D7A2-4E37-AB6E-ACBF21557B1B}"
EndProject
Project("{FAE04EC0-301F-11D3-BF4B-00C04F79EFBC}") = "SE.Cliente.API", "src\services\SE.Cliente.API\SE.Cliente.API.csproj", "{953A167A-37FE-4148-AECF-428D67C006FF}"
EndProject
Project("{FAE04EC0-301F-11D3-BF4B-00C04F79EFBC}") = "SE.Pagamento.API", "src\services\SE.Pagamento.API\SE.Pagamento.API.csproj", "{E408273F-E0F1-416E-A404-CA3AB3BFB518}"
EndProject
Project("{FAE04EC0-301F-11D3-BF4B-00C04F79EFBC}") = "SE.Pedido.API", "SE.Pedido.API\SE.Pedido.API.csproj", "{E3E8D3C0-0363-4ED4-8E76-907F0700FBF2}"
EndProject
Global
	GlobalSection(SolutionConfigurationPlatforms) = preSolution
		Debug|Any CPU = Debug|Any CPU
		Release|Any CPU = Release|Any CPU
	EndGlobalSection
	GlobalSection(ProjectConfigurationPlatforms) = postSolution
		{C6270568-7BA6-4C6E-966E-3EF288397E8E}.Debug|Any CPU.ActiveCfg = Debug|Any CPU
		{C6270568-7BA6-4C6E-966E-3EF288397E8E}.Debug|Any CPU.Build.0 = Debug|Any CPU
		{C6270568-7BA6-4C6E-966E-3EF288397E8E}.Release|Any CPU.ActiveCfg = Release|Any CPU
		{C6270568-7BA6-4C6E-966E-3EF288397E8E}.Release|Any CPU.Build.0 = Release|Any CPU
		{4D8BA8CA-F1C0-4E4F-B188-F6375DDCDF1C}.Debug|Any CPU.ActiveCfg = Debug|Any CPU
		{4D8BA8CA-F1C0-4E4F-B188-F6375DDCDF1C}.Debug|Any CPU.Build.0 = Debug|Any CPU
		{4D8BA8CA-F1C0-4E4F-B188-F6375DDCDF1C}.Release|Any CPU.ActiveCfg = Release|Any CPU
		{4D8BA8CA-F1C0-4E4F-B188-F6375DDCDF1C}.Release|Any CPU.Build.0 = Release|Any CPU
		{8691B657-7D51-436D-B325-976CE54D8F12}.Debug|Any CPU.ActiveCfg = Debug|Any CPU
		{8691B657-7D51-436D-B325-976CE54D8F12}.Debug|Any CPU.Build.0 = Debug|Any CPU
		{8691B657-7D51-436D-B325-976CE54D8F12}.Release|Any CPU.ActiveCfg = Release|Any CPU
		{8691B657-7D51-436D-B325-976CE54D8F12}.Release|Any CPU.Build.0 = Release|Any CPU
		{757BCD1D-AD3F-4796-B8DA-2A246A656528}.Debug|Any CPU.ActiveCfg = Debug|Any CPU
		{757BCD1D-AD3F-4796-B8DA-2A246A656528}.Debug|Any CPU.Build.0 = Debug|Any CPU
		{757BCD1D-AD3F-4796-B8DA-2A246A656528}.Release|Any CPU.ActiveCfg = Release|Any CPU
		{757BCD1D-AD3F-4796-B8DA-2A246A656528}.Release|Any CPU.Build.0 = Release|Any CPU
		{ACAFF7D4-D7A2-4E37-AB6E-ACBF21557B1B}.Debug|Any CPU.ActiveCfg = Debug|Any CPU
		{ACAFF7D4-D7A2-4E37-AB6E-ACBF21557B1B}.Debug|Any CPU.Build.0 = Debug|Any CPU
		{ACAFF7D4-D7A2-4E37-AB6E-ACBF21557B1B}.Release|Any CPU.ActiveCfg = Release|Any CPU
		{ACAFF7D4-D7A2-4E37-AB6E-ACBF21557B1B}.Release|Any CPU.Build.0 = Release|Any CPU
		{953A167A-37FE-4148-AECF-428D67C006FF}.Debug|Any CPU.ActiveCfg = Debug|Any CPU
		{953A167A-37FE-4148-AECF-428D67C006FF}.Debug|Any CPU.Build.0 = Debug|Any CPU
		{953A167A-37FE-4148-AECF-428D67C006FF}.Release|Any CPU.ActiveCfg = Release|Any CPU
		{953A167A-37FE-4148-AECF-428D67C006FF}.Release|Any CPU.Build.0 = Release|Any CPU
		{E408273F-E0F1-416E-A404-CA3AB3BFB518}.Debug|Any CPU.ActiveCfg = Debug|Any CPU
		{E408273F-E0F1-416E-A404-CA3AB3BFB518}.Debug|Any CPU.Build.0 = Debug|Any CPU
		{E408273F-E0F1-416E-A404-CA3AB3BFB518}.Release|Any CPU.ActiveCfg = Release|Any CPU
		{E408273F-E0F1-416E-A404-CA3AB3BFB518}.Release|Any CPU.Build.0 = Release|Any CPU
		{E3E8D3C0-0363-4ED4-8E76-907F0700FBF2}.Debug|Any CPU.ActiveCfg = Debug|Any CPU
		{E3E8D3C0-0363-4ED4-8E76-907F0700FBF2}.Debug|Any CPU.Build.0 = Debug|Any CPU
		{E3E8D3C0-0363-4ED4-8E76-907F0700FBF2}.Release|Any CPU.ActiveCfg = Release|Any CPU
		{E3E8D3C0-0363-4ED4-8E76-907F0700FBF2}.Release|Any CPU.Build.0 = Release|Any CPU
	EndGlobalSection
	GlobalSection(SolutionProperties) = preSolution
		HideSolutionNode = FALSE
	EndGlobalSection
	GlobalSection(NestedProjects) = preSolution
		{B475B631-7F89-4698-A948-1E024F0B90B7} = {CF2E3DD3-198C-42FC-A8C2-28F33BFC888B}
		{9C376CD7-0645-4EB9-AD3A-29F7895FF4BD} = {CF2E3DD3-198C-42FC-A8C2-28F33BFC888B}
		{31A033BD-DEAE-4194-92F8-32B10287428D} = {CF2E3DD3-198C-42FC-A8C2-28F33BFC888B}
		{6248964D-7288-4ABA-9B82-3840D63E1CEA} = {31A033BD-DEAE-4194-92F8-32B10287428D}
		{C6270568-7BA6-4C6E-966E-3EF288397E8E} = {6248964D-7288-4ABA-9B82-3840D63E1CEA}
		{6EBE808F-705F-46CD-B649-A55B70E739D0} = {9C376CD7-0645-4EB9-AD3A-29F7895FF4BD}
		{4D8BA8CA-F1C0-4E4F-B188-F6375DDCDF1C} = {6EBE808F-705F-46CD-B649-A55B70E739D0}
		{BD29E806-159E-47B9-BDC3-1FF23D9C61CC} = {B475B631-7F89-4698-A948-1E024F0B90B7}
		{8691B657-7D51-436D-B325-976CE54D8F12} = {BD29E806-159E-47B9-BDC3-1FF23D9C61CC}
		{F96DF35B-94A2-4F24-B9EC-02BFF89E292A} = {31A033BD-DEAE-4194-92F8-32B10287428D}
		{1D82E9E8-3863-407A-9A7F-42764F2AC472} = {31A033BD-DEAE-4194-92F8-32B10287428D}
		{08F7628C-64C9-4103-8642-FCD526167D72} = {31A033BD-DEAE-4194-92F8-32B10287428D}
		{CDD08CE6-544C-4B72-8887-51FD595A52CC} = {31A033BD-DEAE-4194-92F8-32B10287428D}
		{CF7A95D6-ED72-4E33-ADC6-5D87F73447F0} = {31A033BD-DEAE-4194-92F8-32B10287428D}
		{757BCD1D-AD3F-4796-B8DA-2A246A656528} = {F96DF35B-94A2-4F24-B9EC-02BFF89E292A}
		{ACAFF7D4-D7A2-4E37-AB6E-ACBF21557B1B} = {1D82E9E8-3863-407A-9A7F-42764F2AC472}
		{953A167A-37FE-4148-AECF-428D67C006FF} = {08F7628C-64C9-4103-8642-FCD526167D72}
		{E408273F-E0F1-416E-A404-CA3AB3BFB518} = {CDD08CE6-544C-4B72-8887-51FD595A52CC}
		{E3E8D3C0-0363-4ED4-8E76-907F0700FBF2} = {CF7A95D6-ED72-4E33-ADC6-5D87F73447F0}
	EndGlobalSection
	GlobalSection(ExtensibilityGlobals) = postSolution
		SolutionGuid = {D6A10354-BBEF-4667-AEC5-B3A7C8933C24}
	EndGlobalSection
EndGlobal
